
Microsoft Visual Studio Solution File, Format Version 11.00
# Visual Studio 2010
Project("{FAE04EC0-301F-11D3-BF4B-00C04F79EFBC}") = "ActiveDirectoryBasicSearch", "ActiveDirectoryBasicSearch\ActiveDirectoryBasicSearch.csproj", "{9F1BB0B9-3F72-42F5-8F50-2974699ADA86}"
EndProject
Global
	GlobalSection(SolutionConfigurationPlatforms) = preSolution
		Debug|Any CPU = Debug|Any CPU
		Release|Any CPU = Release|Any CPU
	EndGlobalSection
	GlobalSection(ProjectConfigurationPlatforms) = postSolution
		{9F1BB0B9-3F72-42F5-8F50-2974699ADA86}.Debug|Any CPU.ActiveCfg = Debug|Any CPU
		{9F1BB0B9-3F72-42F5-8F50-2974699ADA86}.Debug|Any CPU.Build.0 = Debug|Any CPU
		{9F1BB0B9-3F72-42F5-8F50-2974699ADA86}.Release|Any CPU.ActiveCfg = Release|Any CPU
		{9F1BB0B9-3F72-42F5-8F50-2974699ADA86}.Release|Any CPU.Build.0 = Release|Any CPU
	EndGlobalSection
	GlobalSection(SolutionProperties) = preSolution
		HideSolutionNode = FALSE
	EndGlobalSection
EndGlobal
